# THIS IS AN AUTOGENERATED FILE. DO NOT EDIT THIS FILE DIRECTLY.
# yarn lockfile v1


"@bower_components/AirspaceCalculator@WSDOT-GIS/airspace-calculator#~2.0.0":
  version "2.0.0"
  resolved "https://codeload.github.com/WSDOT-GIS/airspace-calculator/tar.gz/2ece73055364d82c60d4a8e40da835009ec230d6"
  dependencies:
    dms-conversion "^3.0.0"
    usgs-ned "~3.0.2"

"@bower_components/arcgis-buffer-ui@WSDOT-GIS/arcgis-js-buffer#~1.1.0":
  version "1.1.0"
  resolved "https://codeload.github.com/WSDOT-GIS/arcgis-js-buffer/tar.gz/c28346d83e2076d84f551dff290d9159052a6e56"

"@bower_components/arcgis-geolocate-button@WSDOT-GIS/arcgis-geolocate-button#~1.0.0":
  version "0.0.0"
  resolved "https://codeload.github.com/WSDOT-GIS/arcgis-geolocate-button/tar.gz/a321ea309e7dd95ec7e8ddc5d5b5836754782b47"

"@bower_components/arcgis-js-draw-ui@WSDOT-GIS/arcgis-js-draw-ui#~1.1.1":
  version "0.0.0"
  resolved "https://codeload.github.com/WSDOT-GIS/arcgis-js-draw-ui/tar.gz/e9323d68b35e2dcb37c55bd27c7158ad4352f1db"

"@bower_components/arcgis-print-ui@WSDOT-GIS/arcgis-print-ui#~1.2.0":
  version "0.0.0"
  resolved "https://codeload.github.com/WSDOT-GIS/arcgis-print-ui/tar.gz/e9de4f7d42ec26b0e2e5c837be2689ebac56ff3a"

"@bower_components/arcgis-query-string-utilities@WSDOT-GIS/arcgis-query-string-utilities#~1.1.1":
  version "0.0.0"
  resolved "https://codeload.github.com/WSDOT-GIS/arcgis-query-string-utilities/tar.gz/dac20e18c83fa479c9c6a7b01e1bf34a0b0966b8"

"@bower_components/blueimp-gallery@blueimp/Gallery#^2.21.2":
  version "2.30.0"
  resolved "https://codeload.github.com/blueimp/Gallery/tar.gz/a72bda76136b0d66e940c4df9fdb3f6e493b26f9"

"@bower_components/customevent-polyfill@kaesetoast/customevent-polyfill#~1.0.0":
  version "1.0.0"
  resolved "https://codeload.github.com/kaesetoast/customevent-polyfill/tar.gz/ba95768284351e2682ec4f3b1ecd2652c17b4036"

"@bower_components/dms@WSDOT-GIS/dms-js#~2.0.1":
  version "2.0.4"
  resolved "https://codeload.github.com/WSDOT-GIS/dms-js/tar.gz/b57bb9fe9751fdb024b576b848d87687b0873173"

"@bower_components/elc@WSDOT-GIS/elc-js#~2.6.4":
  version "2.6.4"
  resolved "https://codeload.github.com/WSDOT-GIS/elc-js/tar.gz/1ba1b4f004f48528f29910a8756ebb7aa5873557"

"@bower_components/fetch@github/fetch#^1.0.0":
  version "1.1.1"
  resolved "https://codeload.github.com/github/fetch/tar.gz/f7a514829820fc77c0f884c74cf2d36356a781c0"

"@bower_components/fontawesome@FortAwesome/Font-Awesome#^4.6.3":
  version "4.7.0"
  resolved "https://codeload.github.com/FortAwesome/Font-Awesome/tar.gz/a8386aae19e200ddb0f6845b5feeee5eb7013687"

"@bower_components/intl@andyearnshaw/Intl.js#^1.1.0":
  version "1.2.5"
  resolved "https://codeload.github.com/andyearnshaw/Intl.js/tar.gz/9ad9a125ecf6ee695e23f8f976e98d3be3733aec"

"@bower_components/layer-metadata-soe-client@WSDOT-GIS/Layer-Metadata-SOE-JS-Client#~v2.2.2":
  version "2.2.2"
  resolved "https://codeload.github.com/WSDOT-GIS/Layer-Metadata-SOE-JS-Client/tar.gz/139f3f3bbe50047de857c05905e2692d407f9d8f"

"@bower_components/polyfills@inexorabletash/polyfill#~0.1.6":
  version "0.1.41"
  resolved "https://codeload.github.com/inexorabletash/polyfill/tar.gz/fb46f09639a38779720e17a4ef06ce888c3bd272"

"@bower_components/promises@Octane/Promise#~1.0.10":
  version "1.0.10"
  resolved "https://codeload.github.com/Octane/Promise/tar.gz/739778a0ecc8640e05ead90d3e758adccbc2469c"

"@bower_components/setImmediate@Octane/setImmediate#*":
  version "0.0.0"
  resolved "https://codeload.github.com/Octane/setImmediate/tar.gz/460141f1aee19d77eab7f96fc332f26aa27f445b"

"@bower_components/usgs-ned@WSDOT-GIS/usgs-ned#~3.0.2":
  version "3.0.2"
  resolved "https://codeload.github.com/WSDOT-GIS/usgs-ned/tar.gz/c6459f0a7901a38c8381524c757ab6f6f5e922a0"
  dependencies:
    node-fetch "^1.6.3"

dms-conversion@^3.0.0:
  version "3.0.0"
  resolved "https://registry.yarnpkg.com/dms-conversion/-/dms-conversion-3.0.0.tgz#6ae2ca316915c68c0a6fb85636eec2d77e91a254"

encoding@^0.1.11:
  version "0.1.12"
  resolved "https://registry.yarnpkg.com/encoding/-/encoding-0.1.12.tgz#538b66f3ee62cd1ab51ec323829d1f9480c74beb"
  dependencies:
    iconv-lite "~0.4.13"

iconv-lite@~0.4.13:
  version "0.4.19"
  resolved "https://registry.yarnpkg.com/iconv-lite/-/iconv-lite-0.4.19.tgz#f7468f60135f5e5dad3399c0a81be9a1603a082b"

is-stream@^1.0.1:
  version "1.1.0"
  resolved "https://registry.yarnpkg.com/is-stream/-/is-stream-1.1.0.tgz#12d4a3dd4e68e0b79ceb8dbc84173ae80d91ca44"

node-fetch@^1.6.3:
  version "1.7.3"
  resolved "https://registry.yarnpkg.com/node-fetch/-/node-fetch-1.7.3.tgz#980f6f72d85211a5347c6b2bc18c5b84c3eb47ef"
  dependencies:
    encoding "^0.1.11"
    is-stream "^1.0.1"

usgs-ned@~3.0.2:
  version "3.0.2"
  resolved "https://registry.yarnpkg.com/usgs-ned/-/usgs-ned-3.0.2.tgz#8edc6d48f44a2282956125530d50cb65500b884e"
  dependencies:
    node-fetch "^1.6.3"
